{
  "name": "cloud-assignment-movies",
  "version": "1.0.0",
  "lockfileVersion": 3,
  "requires": true,
  "packages": {
    "": {
      "name": "cloud-assignment-movies",
      "version": "1.0.0",
      "license": "ISC",
      "workspaces": [
        "cdk",
        "lambdas",
        "seed"
      ]
    },
    "cdk": {
      "version": "1.0.0",
      "license": "ISC"
    },
    "lambdas": {
      "version": "1.0.0",
      "license": "ISC",
      "devDependencies": {}
    },
    "node_modules/cdk": {
      "resolved": "cdk",
      "link": true
    },
    "node_modules/lambdas": {
      "resolved": "lambdas",
      "link": true
    },
    "node_modules/seed": {
      "resolved": "seed",
      "link": true
    },
    "seed": {
      "version": "1.0.0",
      "license": "ISC",
      "devDependencies": {}
    }
  }
}
